
Microsoft Visual Studio Solution File, Format Version 12.00
# Visual Studio Version 17
VisualStudioVersion = 17.9.34714.143
MinimumVisualStudioVersion = 10.0.40219.1
Project("{9A19103F-16F7-4668-BE54-9A1E7A4F7556}") = "kanija-database", "kanija-database\kanija-database.csproj", "{2B0F0178-5483-419C-873B-E66D77B8C5DC}"
EndProject
Project("{9A19103F-16F7-4668-BE54-9A1E7A4F7556}") = "kanija-api", "kanija-api\kanija-api.csproj", "{688239EE-138F-4163-B0F2-61719718458F}"
	ProjectSection(ProjectDependencies) = postProject
		{2B0F0178-5483-419C-873B-E66D77B8C5DC} = {2B0F0178-5483-419C-873B-E66D77B8C5DC}
	EndProjectSection
EndProject
Global
	GlobalSection(SolutionConfigurationPlatforms) = preSolution
		Debug|Any CPU = Debug|Any CPU
		Release|Any CPU = Release|Any CPU
	EndGlobalSection
	GlobalSection(ProjectConfigurationPlatforms) = postSolution
		{2B0F0178-5483-419C-873B-E66D77B8C5DC}.Debug|Any CPU.ActiveCfg = Debug|Any CPU
		{2B0F0178-5483-419C-873B-E66D77B8C5DC}.Debug|Any CPU.Build.0 = Debug|Any CPU
		{2B0F0178-5483-419C-873B-E66D77B8C5DC}.Release|Any CPU.ActiveCfg = Release|Any CPU
		{2B0F0178-5483-419C-873B-E66D77B8C5DC}.Release|Any CPU.Build.0 = Release|Any CPU
		{688239EE-138F-4163-B0F2-61719718458F}.Debug|Any CPU.ActiveCfg = Debug|Any CPU
		{688239EE-138F-4163-B0F2-61719718458F}.Debug|Any CPU.Build.0 = Debug|Any CPU
		{688239EE-138F-4163-B0F2-61719718458F}.Release|Any CPU.ActiveCfg = Release|Any CPU
		{688239EE-138F-4163-B0F2-61719718458F}.Release|Any CPU.Build.0 = Release|Any CPU
	EndGlobalSection
	GlobalSection(SolutionProperties) = preSolution
		HideSolutionNode = FALSE
	EndGlobalSection
	GlobalSection(ExtensibilityGlobals) = postSolution
		SolutionGuid = {4050DAAC-3767-4DC1-87EF-5109C699CC53}
	EndGlobalSection
EndGlobal
